
Microsoft Visual Studio Solution File, Format Version 12.00
# Visual Studio Version 17
VisualStudioVersion = 17.8.34511.84
MinimumVisualStudioVersion = 10.0.40219.1
Project("{FAE04EC0-301F-11D3-BF4B-00C04F79EFBC}") = "app_datagridview_01", "app_datagridview_01.csproj", "{3086E370-57D9-45EA-A492-E18AFABEFB4D}"
EndProject
Global
	GlobalSection(SolutionConfigurationPlatforms) = preSolution
		Debug|Any CPU = Debug|Any CPU
		Release|Any CPU = Release|Any CPU
	EndGlobalSection
	GlobalSection(ProjectConfigurationPlatforms) = postSolution
		{3086E370-57D9-45EA-A492-E18AFABEFB4D}.Debug|Any CPU.ActiveCfg = Debug|Any CPU
		{3086E370-57D9-45EA-A492-E18AFABEFB4D}.Debug|Any CPU.Build.0 = Debug|Any CPU
		{3086E370-57D9-45EA-A492-E18AFABEFB4D}.Release|Any CPU.ActiveCfg = Release|Any CPU
		{3086E370-57D9-45EA-A492-E18AFABEFB4D}.Release|Any CPU.Build.0 = Release|Any CPU
	EndGlobalSection
	GlobalSection(SolutionProperties) = preSolution
		HideSolutionNode = FALSE
	EndGlobalSection
	GlobalSection(ExtensibilityGlobals) = postSolution
		SolutionGuid = {23BB48E0-021E-40B1-B0C9-BBD9D885B7D5}
	EndGlobalSection
EndGlobal
